
Microsoft Visual Studio Solution File, Format Version 12.00
# Visual Studio Version 17
VisualStudioVersion = 17.9.34723.18
MinimumVisualStudioVersion = 10.0.40219.1
Project("{9A19103F-16F7-4668-BE54-9A1E7A4F7556}") = "Parky", "Parky\Parky.csproj", "{D670D9AE-C44A-44DC-8B85-6E5C50D93DBD}"
EndProject
Project("{2150E333-8FDC-42A3-9474-1A3956D46DE8}") = "1.Domain", "1.Domain", "{F9946257-5436-432D-A6AD-E7D616FE3009}"
EndProject
Project("{2150E333-8FDC-42A3-9474-1A3956D46DE8}") = "2.DAL", "2.DAL", "{1878FDA5-E975-4872-9AF8-E80F66894DAA}"
EndProject
Project("{2150E333-8FDC-42A3-9474-1A3956D46DE8}") = "3.BLL", "3.BLL", "{661E1F8A-D70A-4D6E-BA5F-E2494E3051C0}"
EndProject
Project("{2150E333-8FDC-42A3-9474-1A3956D46DE8}") = "4.Web API", "4.Web API", "{EB1B25B9-63B6-4EFA-B6AE-1EDA76D4A250}"
EndProject
Project("{9A19103F-16F7-4668-BE54-9A1E7A4F7556}") = "Domain", "Domain\Domain.csproj", "{67C23410-94E0-42D6-A155-E815D20179EB}"
EndProject
Project("{9A19103F-16F7-4668-BE54-9A1E7A4F7556}") = "Infrastructure", "Infrastructure\Infrastructure.csproj", "{645D5DF3-F57A-40DE-8405-F8C2323EC3E6}"
EndProject
Project("{9A19103F-16F7-4668-BE54-9A1E7A4F7556}") = "DAL", "DAL\DAL.csproj", "{869C3994-6813-424D-99CB-F0BDF047B16C}"
EndProject
Project("{9A19103F-16F7-4668-BE54-9A1E7A4F7556}") = "BLL", "BLL\BLL.csproj", "{DD5C5770-9B2D-45B6-A885-0EC59DBA22CA}"
EndProject
Global
	GlobalSection(SolutionConfigurationPlatforms) = preSolution
		Debug|Any CPU = Debug|Any CPU
		Release|Any CPU = Release|Any CPU
	EndGlobalSection
	GlobalSection(ProjectConfigurationPlatforms) = postSolution
		{D670D9AE-C44A-44DC-8B85-6E5C50D93DBD}.Debug|Any CPU.ActiveCfg = Debug|Any CPU
		{D670D9AE-C44A-44DC-8B85-6E5C50D93DBD}.Debug|Any CPU.Build.0 = Debug|Any CPU
		{D670D9AE-C44A-44DC-8B85-6E5C50D93DBD}.Release|Any CPU.ActiveCfg = Release|Any CPU
		{D670D9AE-C44A-44DC-8B85-6E5C50D93DBD}.Release|Any CPU.Build.0 = Release|Any CPU
		{67C23410-94E0-42D6-A155-E815D20179EB}.Debug|Any CPU.ActiveCfg = Debug|Any CPU
		{67C23410-94E0-42D6-A155-E815D20179EB}.Debug|Any CPU.Build.0 = Debug|Any CPU
		{67C23410-94E0-42D6-A155-E815D20179EB}.Release|Any CPU.ActiveCfg = Release|Any CPU
		{67C23410-94E0-42D6-A155-E815D20179EB}.Release|Any CPU.Build.0 = Release|Any CPU
		{645D5DF3-F57A-40DE-8405-F8C2323EC3E6}.Debug|Any CPU.ActiveCfg = Debug|Any CPU
		{645D5DF3-F57A-40DE-8405-F8C2323EC3E6}.Debug|Any CPU.Build.0 = Debug|Any CPU
		{645D5DF3-F57A-40DE-8405-F8C2323EC3E6}.Release|Any CPU.ActiveCfg = Release|Any CPU
		{645D5DF3-F57A-40DE-8405-F8C2323EC3E6}.Release|Any CPU.Build.0 = Release|Any CPU
		{869C3994-6813-424D-99CB-F0BDF047B16C}.Debug|Any CPU.ActiveCfg = Debug|Any CPU
		{869C3994-6813-424D-99CB-F0BDF047B16C}.Debug|Any CPU.Build.0 = Debug|Any CPU
		{869C3994-6813-424D-99CB-F0BDF047B16C}.Release|Any CPU.ActiveCfg = Release|Any CPU
		{869C3994-6813-424D-99CB-F0BDF047B16C}.Release|Any CPU.Build.0 = Release|Any CPU
		{DD5C5770-9B2D-45B6-A885-0EC59DBA22CA}.Debug|Any CPU.ActiveCfg = Debug|Any CPU
		{DD5C5770-9B2D-45B6-A885-0EC59DBA22CA}.Debug|Any CPU.Build.0 = Debug|Any CPU
		{DD5C5770-9B2D-45B6-A885-0EC59DBA22CA}.Release|Any CPU.ActiveCfg = Release|Any CPU
		{DD5C5770-9B2D-45B6-A885-0EC59DBA22CA}.Release|Any CPU.Build.0 = Release|Any CPU
	EndGlobalSection
	GlobalSection(SolutionProperties) = preSolution
		HideSolutionNode = FALSE
	EndGlobalSection
	GlobalSection(NestedProjects) = preSolution
		{D670D9AE-C44A-44DC-8B85-6E5C50D93DBD} = {EB1B25B9-63B6-4EFA-B6AE-1EDA76D4A250}
		{67C23410-94E0-42D6-A155-E815D20179EB} = {F9946257-5436-432D-A6AD-E7D616FE3009}
		{645D5DF3-F57A-40DE-8405-F8C2323EC3E6} = {F9946257-5436-432D-A6AD-E7D616FE3009}
		{869C3994-6813-424D-99CB-F0BDF047B16C} = {1878FDA5-E975-4872-9AF8-E80F66894DAA}
		{DD5C5770-9B2D-45B6-A885-0EC59DBA22CA} = {661E1F8A-D70A-4D6E-BA5F-E2494E3051C0}
	EndGlobalSection
	GlobalSection(ExtensibilityGlobals) = postSolution
		SolutionGuid = {823DFDFD-816B-46D4-B2D6-9872E8BA8CFE}
	EndGlobalSection
EndGlobal
